
Microsoft Visual Studio Solution File, Format Version 12.00
# Visual Studio Version 17
VisualStudioVersion = 17.13.35825.156 d17.13
MinimumVisualStudioVersion = 10.0.40219.1
Project("{FAE04EC0-301F-11D3-BF4B-00C04F79EFBC}") = "Lesson25_26", "Lesson25_26\Lesson25_26.csproj", "{3DB91684-5E37-4F44-8EA1-1B4BB588E271}"
EndProject
Project("{FAE04EC0-301F-11D3-BF4B-00C04F79EFBC}") = "1.Streams", "1.Streams\1.Streams.csproj", "{FF766272-FE6F-4C62-B3C4-54D1D5966F83}"
EndProject
Global
	GlobalSection(SolutionConfigurationPlatforms) = preSolution
		Debug|Any CPU = Debug|Any CPU
		Release|Any CPU = Release|Any CPU
	EndGlobalSection
	GlobalSection(ProjectConfigurationPlatforms) = postSolution
		{3DB91684-5E37-4F44-8EA1-1B4BB588E271}.Debug|Any CPU.ActiveCfg = Debug|Any CPU
		{3DB91684-5E37-4F44-8EA1-1B4BB588E271}.Debug|Any CPU.Build.0 = Debug|Any CPU
		{3DB91684-5E37-4F44-8EA1-1B4BB588E271}.Release|Any CPU.ActiveCfg = Release|Any CPU
		{3DB91684-5E37-4F44-8EA1-1B4BB588E271}.Release|Any CPU.Build.0 = Release|Any CPU
		{FF766272-FE6F-4C62-B3C4-54D1D5966F83}.Debug|Any CPU.ActiveCfg = Debug|Any CPU
		{FF766272-FE6F-4C62-B3C4-54D1D5966F83}.Debug|Any CPU.Build.0 = Debug|Any CPU
		{FF766272-FE6F-4C62-B3C4-54D1D5966F83}.Release|Any CPU.ActiveCfg = Release|Any CPU
		{FF766272-FE6F-4C62-B3C4-54D1D5966F83}.Release|Any CPU.Build.0 = Release|Any CPU
	EndGlobalSection
	GlobalSection(SolutionProperties) = preSolution
		HideSolutionNode = FALSE
	EndGlobalSection
	GlobalSection(ExtensibilityGlobals) = postSolution
		SolutionGuid = {50F3AF44-991C-4AA3-9FFF-67F19F557629}
	EndGlobalSection
EndGlobal
